
Microsoft Visual Studio Solution File, Format Version 12.00
# Visual Studio Version 16
VisualStudioVersion = 16.0.31129.286
MinimumVisualStudioVersion = 10.0.40219.1
Project("{FAE04EC0-301F-11D3-BF4B-00C04F79EFBC}") = "LearnAzure", "LearnAzure.csproj", "{DD7B8711-4307-4E58-A375-002C199F0700}"
EndProject
Global
	GlobalSection(SolutionConfigurationPlatforms) = preSolution
		Debug|Any CPU = Debug|Any CPU
		Release|Any CPU = Release|Any CPU
	EndGlobalSection
	GlobalSection(ProjectConfigurationPlatforms) = postSolution
		{DD7B8711-4307-4E58-A375-002C199F0700}.Debug|Any CPU.ActiveCfg = Debug|Any CPU
		{DD7B8711-4307-4E58-A375-002C199F0700}.Debug|Any CPU.Build.0 = Debug|Any CPU
		{DD7B8711-4307-4E58-A375-002C199F0700}.Release|Any CPU.ActiveCfg = Release|Any CPU
		{DD7B8711-4307-4E58-A375-002C199F0700}.Release|Any CPU.Build.0 = Release|Any CPU
	EndGlobalSection
	GlobalSection(SolutionProperties) = preSolution
		HideSolutionNode = FALSE
	EndGlobalSection
	GlobalSection(ExtensibilityGlobals) = postSolution
		SolutionGuid = {26618DAF-2AA1-4A43-9E0F-ABD8C4C023D8}
	EndGlobalSection
EndGlobal
